
Microsoft Visual Studio Solution File, Format Version 11.00
# Visual Studio 2010
Project("{8BC9CEB8-8B4A-11D0-8D11-00A0C91BC942}") = "lab1_allocator", "lab1_allocator\lab1_allocator.vcxproj", "{EB36EBDB-130D-4690-9A51-C69560A42620}"
EndProject
Global
	GlobalSection(SolutionConfigurationPlatforms) = preSolution
		Debug|Win32 = Debug|Win32
		Release|Win32 = Release|Win32
	EndGlobalSection
	GlobalSection(ProjectConfigurationPlatforms) = postSolution
		{EB36EBDB-130D-4690-9A51-C69560A42620}.Debug|Win32.ActiveCfg = Debug|Win32
		{EB36EBDB-130D-4690-9A51-C69560A42620}.Debug|Win32.Build.0 = Debug|Win32
		{EB36EBDB-130D-4690-9A51-C69560A42620}.Release|Win32.ActiveCfg = Release|Win32
		{EB36EBDB-130D-4690-9A51-C69560A42620}.Release|Win32.Build.0 = Release|Win32
	EndGlobalSection
	GlobalSection(SolutionProperties) = preSolution
		HideSolutionNode = FALSE
	EndGlobalSection
EndGlobal
