
Microsoft Visual Studio Solution File, Format Version 11.00
# Visual Studio 2010
Project("{FAE04EC0-301F-11D3-BF4B-00C04F79EFBC}") = "KA4_server", "KA4_server\KA4_server.csproj", "{245BB130-E21A-4B35-8D01-1DFCE9B3CFC4}"
EndProject
Global
	GlobalSection(SolutionConfigurationPlatforms) = preSolution
		Debug|Any CPU = Debug|Any CPU
		Release|Any CPU = Release|Any CPU
	EndGlobalSection
	GlobalSection(ProjectConfigurationPlatforms) = postSolution
		{245BB130-E21A-4B35-8D01-1DFCE9B3CFC4}.Debug|Any CPU.ActiveCfg = Debug|Any CPU
		{245BB130-E21A-4B35-8D01-1DFCE9B3CFC4}.Debug|Any CPU.Build.0 = Debug|Any CPU
		{245BB130-E21A-4B35-8D01-1DFCE9B3CFC4}.Release|Any CPU.ActiveCfg = Release|Any CPU
		{245BB130-E21A-4B35-8D01-1DFCE9B3CFC4}.Release|Any CPU.Build.0 = Release|Any CPU
	EndGlobalSection
	GlobalSection(SolutionProperties) = preSolution
		HideSolutionNode = FALSE
	EndGlobalSection
EndGlobal
