
Microsoft Visual Studio Solution File, Format Version 12.00
# Visual Studio 2012
Project("{8BC9CEB8-8B4A-11D0-8D11-00A0C91BC942}") = "Lab2_AMO", "Lab2_AMO\Lab2_AMO.vcxproj", "{0343BD39-E19B-4728-9E55-4677C3179C4D}"
EndProject
Global
	GlobalSection(SolutionConfigurationPlatforms) = preSolution
		Debug|Win32 = Debug|Win32
		Release|Win32 = Release|Win32
	EndGlobalSection
	GlobalSection(ProjectConfigurationPlatforms) = postSolution
		{0343BD39-E19B-4728-9E55-4677C3179C4D}.Debug|Win32.ActiveCfg = Debug|Win32
		{0343BD39-E19B-4728-9E55-4677C3179C4D}.Debug|Win32.Build.0 = Debug|Win32
		{0343BD39-E19B-4728-9E55-4677C3179C4D}.Release|Win32.ActiveCfg = Release|Win32
		{0343BD39-E19B-4728-9E55-4677C3179C4D}.Release|Win32.Build.0 = Release|Win32
	EndGlobalSection
	GlobalSection(SolutionProperties) = preSolution
		HideSolutionNode = FALSE
	EndGlobalSection
EndGlobal
