
Microsoft Visual Studio Solution File, Format Version 11.00
# Visual Studio 2010
Project("{8BC9CEB8-8B4A-11D0-8D11-00A0C91BC942}") = "OS_L4a", "OS_L4a\OS_L4a.vcxproj", "{A48EF926-9613-4C5F-80B1-8D41F2B83068}"
EndProject
Global
	GlobalSection(SolutionConfigurationPlatforms) = preSolution
		Debug|Win32 = Debug|Win32
		Release|Win32 = Release|Win32
	EndGlobalSection
	GlobalSection(ProjectConfigurationPlatforms) = postSolution
		{A48EF926-9613-4C5F-80B1-8D41F2B83068}.Debug|Win32.ActiveCfg = Debug|Win32
		{A48EF926-9613-4C5F-80B1-8D41F2B83068}.Debug|Win32.Build.0 = Debug|Win32
		{A48EF926-9613-4C5F-80B1-8D41F2B83068}.Release|Win32.ActiveCfg = Release|Win32
		{A48EF926-9613-4C5F-80B1-8D41F2B83068}.Release|Win32.Build.0 = Release|Win32
	EndGlobalSection
	GlobalSection(SolutionProperties) = preSolution
		HideSolutionNode = FALSE
	EndGlobalSection
EndGlobal
